
Microsoft Visual Studio Solution File, Format Version 12.00
# Visual Studio Version 17
VisualStudioVersion = 17.0.31903.59
MinimumVisualStudioVersion = 10.0.40219.1
Project("{2150E333-8FDC-42A3-9474-1A3956D46DE8}") = "src", "src", "{827E0CD3-B72D-47B6-A68D-7590B98EB39B}"
EndProject
Project("{FAE04EC0-301F-11D3-BF4B-00C04F79EFBC}") = "KeyForge.Core", "src\KeyForge.Core\KeyForge.Core.csproj", "{4FAA4933-DEAC-436D-B5E6-9E084602F4D2}"
EndProject
Project("{FAE04EC0-301F-11D3-BF4B-00C04F79EFBC}") = "KeyForge.Storage", "src\KeyForge.Storage\KeyForge.Storage.csproj", "{ECBA1DB3-C14C-4892-9708-4A0B7307445A}"
EndProject
Project("{FAE04EC0-301F-11D3-BF4B-00C04F79EFBC}") = "KeyForge.Input", "src\KeyForge.Input\KeyForge.Input.csproj", "{E5B84A9E-5F13-4E15-A784-3A5EF060AFD4}"
EndProject
Project("{FAE04EC0-301F-11D3-BF4B-00C04F79EFBC}") = "KeyForge.Process", "src\KeyForge.Process\KeyForge.Process.csproj", "{033469B9-2550-477E-91C4-EAE4765A5712}"
EndProject
Project("{FAE04EC0-301F-11D3-BF4B-00C04F79EFBC}") = "KeyForge.App", "src\KeyForge.App\KeyForge.App.csproj", "{172AC59A-B30F-411C-B5AE-D135665B2B2B}"
EndProject
Project("{FAE04EC0-301F-11D3-BF4B-00C04F79EFBC}") = "KeyForge.Tests", "tests\KeyForge.Tests\KeyForge.Tests.csproj", "{83F6B588-059B-42E8-930A-43B62CF2772A}"
EndProject
Global
	GlobalSection(SolutionConfigurationPlatforms) = preSolution
		Debug|Any CPU = Debug|Any CPU
		Debug|x64 = Debug|x64
		Debug|x86 = Debug|x86
		Release|Any CPU = Release|Any CPU
		Release|x64 = Release|x64
		Release|x86 = Release|x86
	EndGlobalSection
	GlobalSection(ProjectConfigurationPlatforms) = postSolution
		{4FAA4933-DEAC-436D-B5E6-9E084602F4D2}.Debug|Any CPU.ActiveCfg = Debug|Any CPU
		{4FAA4933-DEAC-436D-B5E6-9E084602F4D2}.Debug|Any CPU.Build.0 = Debug|Any CPU
		{4FAA4933-DEAC-436D-B5E6-9E084602F4D2}.Debug|x64.ActiveCfg = Debug|Any CPU
		{4FAA4933-DEAC-436D-B5E6-9E084602F4D2}.Debug|x64.Build.0 = Debug|Any CPU
		{4FAA4933-DEAC-436D-B5E6-9E084602F4D2}.Debug|x86.ActiveCfg = Debug|Any CPU
		{4FAA4933-DEAC-436D-B5E6-9E084602F4D2}.Debug|x86.Build.0 = Debug|Any CPU
		{4FAA4933-DEAC-436D-B5E6-9E084602F4D2}.Release|Any CPU.ActiveCfg = Release|Any CPU
		{4FAA4933-DEAC-436D-B5E6-9E084602F4D2}.Release|Any CPU.Build.0 = Release|Any CPU
		{4FAA4933-DEAC-436D-B5E6-9E084602F4D2}.Release|x64.ActiveCfg = Release|Any CPU
		{4FAA4933-DEAC-436D-B5E6-9E084602F4D2}.Release|x64.Build.0 = Release|Any CPU
		{4FAA4933-DEAC-436D-B5E6-9E084602F4D2}.Release|x86.ActiveCfg = Release|Any CPU
		{4FAA4933-DEAC-436D-B5E6-9E084602F4D2}.Release|x86.Build.0 = Release|Any CPU
		{ECBA1DB3-C14C-4892-9708-4A0B7307445A}.Debug|Any CPU.ActiveCfg = Debug|Any CPU
		{ECBA1DB3-C14C-4892-9708-4A0B7307445A}.Debug|Any CPU.Build.0 = Debug|Any CPU
		{ECBA1DB3-C14C-4892-9708-4A0B7307445A}.Debug|x64.ActiveCfg = Debug|Any CPU
		{ECBA1DB3-C14C-4892-9708-4A0B7307445A}.Debug|x64.Build.0 = Debug|Any CPU
		{ECBA1DB3-C14C-4892-9708-4A0B7307445A}.Debug|x86.ActiveCfg = Debug|Any CPU
		{ECBA1DB3-C14C-4892-9708-4A0B7307445A}.Debug|x86.Build.0 = Debug|Any CPU
		{ECBA1DB3-C14C-4892-9708-4A0B7307445A}.Release|Any CPU.ActiveCfg = Release|Any CPU
		{ECBA1DB3-C14C-4892-9708-4A0B7307445A}.Release|Any CPU.Build.0 = Release|Any CPU
		{ECBA1DB3-C14C-4892-9708-4A0B7307445A}.Release|x64.ActiveCfg = Release|Any CPU
		{ECBA1DB3-C14C-4892-9708-4A0B7307445A}.Release|x64.Build.0 = Release|Any CPU
		{ECBA1DB3-C14C-4892-9708-4A0B7307445A}.Release|x86.ActiveCfg = Release|Any CPU
		{ECBA1DB3-C14C-4892-9708-4A0B7307445A}.Release|x86.Build.0 = Release|Any CPU
		{E5B84A9E-5F13-4E15-A784-3A5EF060AFD4}.Debug|Any CPU.ActiveCfg = Debug|Any CPU
		{E5B84A9E-5F13-4E15-A784-3A5EF060AFD4}.Debug|Any CPU.Build.0 = Debug|Any CPU
		{E5B84A9E-5F13-4E15-A784-3A5EF060AFD4}.Debug|x64.ActiveCfg = Debug|Any CPU
		{E5B84A9E-5F13-4E15-A784-3A5EF060AFD4}.Debug|x64.Build.0 = Debug|Any CPU
		{E5B84A9E-5F13-4E15-A784-3A5EF060AFD4}.Debug|x86.ActiveCfg = Debug|Any CPU
		{E5B84A9E-5F13-4E15-A784-3A5EF060AFD4}.Debug|x86.Build.0 = Debug|Any CPU
		{E5B84A9E-5F13-4E15-A784-3A5EF060AFD4}.Release|Any CPU.ActiveCfg = Release|Any CPU
		{E5B84A9E-5F13-4E15-A784-3A5EF060AFD4}.Release|Any CPU.Build.0 = Release|Any CPU
		{E5B84A9E-5F13-4E15-A784-3A5EF060AFD4}.Release|x64.ActiveCfg = Release|Any CPU
		{E5B84A9E-5F13-4E15-A784-3A5EF060AFD4}.Release|x64.Build.0 = Release|Any CPU
		{E5B84A9E-5F13-4E15-A784-3A5EF060AFD4}.Release|x86.ActiveCfg = Release|Any CPU
		{E5B84A9E-5F13-4E15-A784-3A5EF060AFD4}.Release|x86.Build.0 = Release|Any CPU
		{033469B9-2550-477E-91C4-EAE4765A5712}.Debug|Any CPU.ActiveCfg = Debug|Any CPU
		{033469B9-2550-477E-91C4-EAE4765A5712}.Debug|Any CPU.Build.0 = Debug|Any CPU
		{033469B9-2550-477E-91C4-EAE4765A5712}.Debug|x64.ActiveCfg = Debug|Any CPU
		{033469B9-2550-477E-91C4-EAE4765A5712}.Debug|x64.Build.0 = Debug|Any CPU
		{033469B9-2550-477E-91C4-EAE4765A5712}.Debug|x86.ActiveCfg = Debug|Any CPU
		{033469B9-2550-477E-91C4-EAE4765A5712}.Debug|x86.Build.0 = Debug|Any CPU
		{033469B9-2550-477E-91C4-EAE4765A5712}.Release|Any CPU.ActiveCfg = Release|Any CPU
		{033469B9-2550-477E-91C4-EAE4765A5712}.Release|Any CPU.Build.0 = Release|Any CPU
		{033469B9-2550-477E-91C4-EAE4765A5712}.Release|x64.ActiveCfg = Release|Any CPU
		{033469B9-2550-477E-91C4-EAE4765A5712}.Release|x64.Build.0 = Release|Any CPU
		{033469B9-2550-477E-91C4-EAE4765A5712}.Release|x86.ActiveCfg = Release|Any CPU
		{033469B9-2550-477E-91C4-EAE4765A5712}.Release|x86.Build.0 = Release|Any CPU
		{172AC59A-B30F-411C-B5AE-D135665B2B2B}.Debug|Any CPU.ActiveCfg = Debug|Any CPU
		{172AC59A-B30F-411C-B5AE-D135665B2B2B}.Debug|Any CPU.Build.0 = Debug|Any CPU
		{172AC59A-B30F-411C-B5AE-D135665B2B2B}.Debug|x64.ActiveCfg = Debug|Any CPU
		{172AC59A-B30F-411C-B5AE-D135665B2B2B}.Debug|x64.Build.0 = Debug|Any CPU
		{172AC59A-B30F-411C-B5AE-D135665B2B2B}.Debug|x86.ActiveCfg = Debug|Any CPU
		{172AC59A-B30F-411C-B5AE-D135665B2B2B}.Debug|x86.Build.0 = Debug|Any CPU
		{172AC59A-B30F-411C-B5AE-D135665B2B2B}.Release|Any CPU.ActiveCfg = Release|Any CPU
		{172AC59A-B30F-411C-B5AE-D135665B2B2B}.Release|Any CPU.Build.0 = Release|Any CPU
		{172AC59A-B30F-411C-B5AE-D135665B2B2B}.Release|x64.ActiveCfg = Release|Any CPU
		{172AC59A-B30F-411C-B5AE-D135665B2B2B}.Release|x64.Build.0 = Release|Any CPU
		{172AC59A-B30F-411C-B5AE-D135665B2B2B}.Release|x86.ActiveCfg = Release|Any CPU
		{172AC59A-B30F-411C-B5AE-D135665B2B2B}.Release|x86.Build.0 = Release|Any CPU
		{83F6B588-059B-42E8-930A-43B62CF2772A}.Debug|Any CPU.ActiveCfg = Debug|Any CPU
		{83F6B588-059B-42E8-930A-43B62CF2772A}.Debug|Any CPU.Build.0 = Debug|Any CPU
		{83F6B588-059B-42E8-930A-43B62CF2772A}.Debug|x64.ActiveCfg = Debug|Any CPU
		{83F6B588-059B-42E8-930A-43B62CF2772A}.Debug|x64.Build.0 = Debug|Any CPU
		{83F6B588-059B-42E8-930A-43B62CF2772A}.Debug|x86.ActiveCfg = Debug|Any CPU
		{83F6B588-059B-42E8-930A-43B62CF2772A}.Debug|x86.Build.0 = Debug|Any CPU
		{83F6B588-059B-42E8-930A-43B62CF2772A}.Release|Any CPU.ActiveCfg = Release|Any CPU
		{83F6B588-059B-42E8-930A-43B62CF2772A}.Release|Any CPU.Build.0 = Release|Any CPU
		{83F6B588-059B-42E8-930A-43B62CF2772A}.Release|x64.ActiveCfg = Release|Any CPU
		{83F6B588-059B-42E8-930A-43B62CF2772A}.Release|x64.Build.0 = Release|Any CPU
		{83F6B588-059B-42E8-930A-43B62CF2772A}.Release|x86.ActiveCfg = Release|Any CPU
		{83F6B588-059B-42E8-930A-43B62CF2772A}.Release|x86.Build.0 = Release|Any CPU
	EndGlobalSection
	GlobalSection(SolutionProperties) = preSolution
		HideSolutionNode = FALSE
	EndGlobalSection
	GlobalSection(NestedProjects) = preSolution
		{4FAA4933-DEAC-436D-B5E6-9E084602F4D2} = {827E0CD3-B72D-47B6-A68D-7590B98EB39B}
		{ECBA1DB3-C14C-4892-9708-4A0B7307445A} = {827E0CD3-B72D-47B6-A68D-7590B98EB39B}
		{E5B84A9E-5F13-4E15-A784-3A5EF060AFD4} = {827E0CD3-B72D-47B6-A68D-7590B98EB39B}
		{033469B9-2550-477E-91C4-EAE4765A5712} = {827E0CD3-B72D-47B6-A68D-7590B98EB39B}
		{172AC59A-B30F-411C-B5AE-D135665B2B2B} = {827E0CD3-B72D-47B6-A68D-7590B98EB39B}
		{83F6B588-059B-42E8-930A-43B62CF2772A} = {827E0CD3-B72D-47B6-A68D-7590B98EB39B}
	EndGlobalSection
EndGlobal
